// !$*UTF8*$!
{
	archiveVersion = 1;
	classes = {
	};
	objectVersion = 46;
	objects = {

/* Begin PBXBuildFile section */
		8EA77D211F9422BD00A68ECE /* AppDelegate.swift in Sources */ = {isa = PBXBuildFile; fileRef = 8EA77D201F9422BD00A68ECE /* AppDelegate.swift */; };
		8EA77D231F9422BD00A68ECE /* InputMatrixVC.swift in Sources */ = {isa = PBXBuildFile; fileRef = 8EA77D221F9422BD00A68ECE /* InputMatrixVC.swift */; };
		8EA77D261F9422BD00A68ECE /* Main.storyboard in Resources */ = {isa = PBXBuildFile; fileRef = 8EA77D241F9422BD00A68ECE /* Main.storyboard */; };
		8EA77D281F9422BD00A68ECE /* Assets.xcassets in Resources */ = {isa = PBXBuildFile; fileRef = 8EA77D271F9422BD00A68ECE /* Assets.xcassets */; };
		8EA77D2B1F9422BD00A68ECE /* LaunchScreen.storyboard in Resources */ = {isa = PBXBuildFile; fileRef = 8EA77D291F9422BD00A68ECE /* LaunchScreen.storyboard */; };
		8EA77D361F9422BD00A68ECE /* _x3MatrixCalculatorTests.swift in Sources */ = {isa = PBXBuildFile; fileRef = 8EA77D351F9422BD00A68ECE /* _x3MatrixCalculatorTests.swift */; };
		8EA77D411F9422BD00A68ECE /* _x3MatrixCalculatorUITests.swift in Sources */ = {isa = PBXBuildFile; fileRef = 8EA77D401F9422BD00A68ECE /* _x3MatrixCalculatorUITests.swift */; };
		8EA77D4F1F9424DD00A68ECE /* MatrixOperationsVC.swift in Sources */ = {isa = PBXBuildFile; fileRef = 8EA77D4E1F9424DD00A68ECE /* MatrixOperationsVC.swift */; };
		8EA77D511F942D4B00A68ECE /* Matrix.swift in Sources */ = {isa = PBXBuildFile; fileRef = 8EA77D501F942D4B00A68ECE /* Matrix.swift */; };
/* End PBXBuildFile section */

/* Begin PBXContainerItemProxy section */
		8EA77D321F9422BD00A68ECE /* PBXContainerItemProxy */ = {
			isa = PBXContainerItemProxy;
			containerPortal = 8EA77D151F9422BD00A68ECE /* Project object */;
			proxyType = 1;
			remoteGlobalIDString = 8EA77D1C1F9422BD00A68ECE;
			remoteInfo = 3x3MatrixCalculator;
		};
		8EA77D3D1F9422BD00A68ECE /* PBXContainerItemProxy */ = {
			isa = PBXContainerItemProxy;
			containerPortal = 8EA77D151F9422BD00A68ECE /* Project object */;
			proxyType = 1;
			remoteGlobalIDString = 8EA77D1C1F9422BD00A68ECE;
			remoteInfo = 3x3MatrixCalculator;
		};
/* End PBXContainerItemProxy section */

/* Begin PBXFileReference section */
		8EA77D1D1F9422BD00A68ECE /* 3x3MatrixCalculator.app */ = {isa = PBXFileReference; explicitFileType = wrapper.application; includeInIndex = 0; path = 3x3MatrixCalculator.app; sourceTree = BUILT_PRODUCTS_DIR; };
		8EA77D201F9422BD00A68ECE /* AppDelegate.swift */ = {isa = PBXFileReference; lastKnownFileType = sourcecode.swift; path = AppDelegate.swift; sourceTree = "<group>"; };
		8EA77D221F9422BD00A68ECE /* InputMatrixVC.swift */ = {isa = PBXFileReference; lastKnownFileType = sourcecode.swift; path = InputMatrixVC.swift; sourceTree = "<group>"; };
		8EA77D251F9422BD00A68ECE /* Base */ = {isa = PBXFileReference; lastKnownFileType = file.storyboard; name = Base; path = Base.lproj/Main.storyboard; sourceTree = "<group>"; };
		8EA77D271F9422BD00A68ECE /* Assets.xcassets */ = {isa = PBXFileReference; lastKnownFileType = folder.assetcatalog; path = Assets.xcassets; sourceTree = "<group>"; };
		8EA77D2A1F9422BD00A68ECE /* Base */ = {isa = PBXFileReference; lastKnownFileType = file.storyboard; name = Base; path = Base.lproj/LaunchScreen.storyboard; sourceTree = "<group>"; };
		8EA77D2C1F9422BD00A68ECE /* Info.plist */ = {isa = PBXFileReference; lastKnownFileType = text.plist.xml; path = Info.plist; sourceTree = "<group>"; };
		8EA77D311F9422BD00A68ECE /* 3x3MatrixCalculatorTests.xctest */ = {isa = PBXFileReference; explicitFileType = wrapper.cfbundle; includeInIndex = 0; path = 3x3MatrixCalculatorTests.xctest; sourceTree = BUILT_PRODUCTS_DIR; };
		8EA77D351F9422BD00A68ECE /* _x3MatrixCalculatorTests.swift */ = {isa = PBXFileReference; lastKnownFileType = sourcecode.swift; path = _x3MatrixCalculatorTests.swift; sourceTree = "<group>"; };
		8EA77D371F9422BD00A68ECE /* Info.plist */ = {isa = PBXFileReference; lastKnownFileType = text.plist.xml; path = Info.plist; sourceTree = "<group>"; };
		8EA77D3C1F9422BD00A68ECE /* 3x3MatrixCalculatorUITests.xctest */ = {isa = PBXFileReference; explicitFileType = wrapper.cfbundle; includeInIndex = 0; path = 3x3MatrixCalculatorUITests.xctest; sourceTree = BUILT_PRODUCTS_DIR; };
		8EA77D401F9422BD00A68ECE /* _x3MatrixCalculatorUITests.swift */ = {isa = PBXFileReference; lastKnownFileType = sourcecode.swift; path = _x3MatrixCalculatorUITests.swift; sourceTree = "<group>"; };
		8EA77D421F9422BD00A68ECE /* Info.plist */ = {isa = PBXFileReference; lastKnownFileType = text.plist.xml; path = Info.plist; sourceTree = "<group>"; };
		8EA77D4E1F9424DD00A68ECE /* MatrixOperationsVC.swift */ = {isa = PBXFileReference; fileEncoding = 4; lastKnownFileType = sourcecode.swift; path = MatrixOperationsVC.swift; sourceTree = "<group>"; };
		8EA77D501F942D4B00A68ECE /* Matrix.swift */ = {isa = PBXFileReference; fileEncoding = 4; lastKnownFileType = sourcecode.swift; path = Matrix.swift; sourceTree = "<group>"; };
/* End PBXFileReference section */

/* Begin PBXFrameworksBuildPhase section */
		8EA77D1A1F9422BD00A68ECE /* Frameworks */ = {
			isa = PBXFrameworksBuildPhase;
			buildActionMask = 2147483647;
			files = (
			);
			runOnlyForDeploymentPostprocessing = 0;
		};
		8EA77D2E1F9422BD00A68ECE /* Frameworks */ = {
			isa = PBXFrameworksBuildPhase;
			buildActionMask = 2147483647;
			files = (
			);
			runOnlyForDeploymentPostprocessing = 0;
		};
		8EA77D391F9422BD00A68ECE /* Frameworks */ = {
			isa = PBXFrameworksBuildPhase;
			buildActionMask = 2147483647;
			files = (
			);
			runOnlyForDeploymentPostprocessing = 0;
		};
/* End PBXFrameworksBuildPhase section */

/* Begin PBXGroup section */
		8EA77D141F9422BD00A68ECE = {
			isa = PBXGroup;
			children = (
				8EA77D1F1F9422BD00A68ECE /* 3x3MatrixCalculator */,
				8EA77D341F9422BD00A68ECE /* 3x3MatrixCalculatorTests */,
				8EA77D3F1F9422BD00A68ECE /* 3x3MatrixCalculatorUITests */,
				8EA77D1E1F9422BD00A68ECE /* Products */,
			);
			sourceTree = "<group>";
		};
		8EA77D1E1F9422BD00A68ECE /* Products */ = {
			isa = PBXGroup;
			children = (
				8EA77D1D1F9422BD00A68ECE /* 3x3MatrixCalculator.app */,
				8EA77D311F9422BD00A68ECE /* 3x3MatrixCalculatorTests.xctest */,
				8EA77D3C1F9422BD00A68ECE /* 3x3MatrixCalculatorUITests.xctest */,
			);
			name = Products;
			sourceTree = "<group>";
		};
		8EA77D1F1F9422BD00A68ECE /* 3x3MatrixCalculator */ = {
			isa = PBXGroup;
			children = (
				8EA77D201F9422BD00A68ECE /* AppDelegate.swift */,
				8EA77D501F942D4B00A68ECE /* Matrix.swift */,
				8EA77D221F9422BD00A68ECE /* InputMatrixVC.swift */,
				8EA77D4E1F9424DD00A68ECE /* MatrixOperationsVC.swift */,
				8EA77D241F9422BD00A68ECE /* Main.storyboard */,
				8EA77D271F9422BD00A68ECE /* Assets.xcassets */,
				8EA77D291F9422BD00A68ECE /* LaunchScreen.storyboard */,
				8EA77D2C1F9422BD00A68ECE /* Info.plist */,
			);
			path = 3x3MatrixCalculator;
			sourceTree = "<group>";
		};
		8EA77D341F9422BD00A68ECE /* 3x3MatrixCalculatorTests */ = {
			isa = PBXGroup;
			children = (
				8EA77D351F9422BD00A68ECE /* _x3MatrixCalculatorTests.swift */,
				8EA77D371F9422BD00A68ECE /* Info.plist */,
			);
			path = 3x3MatrixCalculatorTests;
			sourceTree = "<group>";
		};
		8EA77D3F1F9422BD00A68ECE /* 3x3MatrixCalculatorUITests */ = {
			isa = PBXGroup;
			children = (
				8EA77D401F9422BD00A68ECE /* _x3MatrixCalculatorUITests.swift */,
				8EA77D421F9422BD00A68ECE /* Info.plist */,
			);
			path = 3x3MatrixCalculatorUITests;
			sourceTree = "<group>";
		};
/* End PBXGroup section */

/* Begin PBXNativeTarget section */
		8EA77D1C1F9422BD00A68ECE /* 3x3MatrixCalculator */ = {
			isa = PBXNativeTarget;
			buildConfigurationList = 8EA77D451F9422BD00A68ECE /* Build configuration list for PBXNativeTarget "3x3MatrixCalculator" */;
			buildPhases = (
				8EA77D191F9422BD00A68ECE /* Sources */,
				8EA77D1A1F9422BD00A68ECE /* Frameworks */,
				8EA77D1B1F9422BD00A68ECE /* Resources */,
			);
			buildRules = (
			);
			dependencies = (
			);
			name = 3x3MatrixCalculator;
			productName = 3x3MatrixCalculator;
			productReference = 8EA77D1D1F9422BD00A68ECE /* 3x3MatrixCalculator.app */;
			productType = "com.apple.product-type.application";
		};
		8EA77D301F9422BD00A68ECE /* 3x3MatrixCalculatorTests */ = {
			isa = PBXNativeTarget;
			buildConfigurationList = 8EA77D481F9422BD00A68ECE /* Build configuration list for PBXNativeTarget "3x3MatrixCalculatorTests" */;
			buildPhases = (
				8EA77D2D1F9422BD00A68ECE /* Sources */,
				8EA77D2E1F9422BD00A68ECE /* Frameworks */,
				8EA77D2F1F9422BD00A68ECE /* Resources */,
			);
			buildRules = (
			);
			dependencies = (
				8EA77D331F9422BD00A68ECE /* PBXTargetDependency */,
			);
			name = 3x3MatrixCalculatorTests;
			productName = 3x3MatrixCalculatorTests;
			productReference = 8EA77D311F9422BD00A68ECE /* 3x3MatrixCalculatorTests.xctest */;
			productType = "com.apple.product-type.bundle.unit-test";
		};
		8EA77D3B1F9422BD00A68ECE /* 3x3MatrixCalculatorUITests */ = {
			isa = PBXNativeTarget;
			buildConfigurationList = 8EA77D4B1F9422BD00A68ECE /* Build configuration list for PBXNativeTarget "3x3MatrixCalculatorUITests" */;
			buildPhases = (
				8EA77D381F9422BD00A68ECE /* Sources */,
				8EA77D391F9422BD00A68ECE /* Frameworks */,
				8EA77D3A1F9422BD00A68ECE /* Resources */,
			);
			buildRules = (
			);
			dependencies = (
				8EA77D3E1F9422BD00A68ECE /* PBXTargetDependency */,
			);
			name = 3x3MatrixCalculatorUITests;
			productName = 3x3MatrixCalculatorUITests;
			productReference = 8EA77D3C1F9422BD00A68ECE /* 3x3MatrixCalculatorUITests.xctest */;
			productType = "com.apple.product-type.bundle.ui-testing";
		};
/* End PBXNativeTarget section */

/* Begin PBXProject section */
		8EA77D151F9422BD00A68ECE /* Project object */ = {
			isa = PBXProject;
			attributes = {
				LastSwiftUpdateCheck = 0830;
				LastUpgradeCheck = 0830;
				ORGANIZATIONNAME = "Korman Chen";
				TargetAttributes = {
					8EA77D1C1F9422BD00A68ECE = {
						CreatedOnToolsVersion = 8.3.3;
						DevelopmentTeam = 2J85MR725D;
						ProvisioningStyle = Automatic;
					};
					8EA77D301F9422BD00A68ECE = {
						CreatedOnToolsVersion = 8.3.3;
						DevelopmentTeam = 2J85MR725D;
						ProvisioningStyle = Automatic;
						TestTargetID = 8EA77D1C1F9422BD00A68ECE;
					};
					8EA77D3B1F9422BD00A68ECE = {
						CreatedOnToolsVersion = 8.3.3;
						DevelopmentTeam = 2J85MR725D;
						ProvisioningStyle = Automatic;
						TestTargetID = 8EA77D1C1F9422BD00A68ECE;
					};
				};
			};
			buildConfigurationList = 8EA77D181F9422BD00A68ECE /* Build configuration list for PBXProject "3x3MatrixCalculator" */;
			compatibilityVersion = "Xcode 3.2";
			developmentRegion = English;
			hasScannedForEncodings = 0;
			knownRegions = (
				en,
				Base,
			);
			mainGroup = 8EA77D141F9422BD00A68ECE;
			productRefGroup = 8EA77D1E1F9422BD00A68ECE /* Products */;
			projectDirPath = "";
			projectRoot = "";
			targets = (
				8EA77D1C1F9422BD00A68ECE /* 3x3MatrixCalculator */,
				8EA77D301F9422BD00A68ECE /* 3x3MatrixCalculatorTests */,
				8EA77D3B1F9422BD00A68ECE /* 3x3MatrixCalculatorUITests */,
			);
		};
/* End PBXProject section */

/* Begin PBXResourcesBuildPhase section */
		8EA77D1B1F9422BD00A68ECE /* Resources */ = {
			isa = PBXResourcesBuildPhase;
			buildActionMask = 2147483647;
			files = (
				8EA77D2B1F9422BD00A68ECE /* LaunchScreen.storyboard in Resources */,
				8EA77D281F9422BD00A68ECE /* Assets.xcassets in Resources */,
				8EA77D261F9422BD00A68ECE /* Main.storyboard in Resources */,
			);
			runOnlyForDeploymentPostprocessing = 0;
		};
		8EA77D2F1F9422BD00A68ECE /* Resources */ = {
			isa = PBXResourcesBuildPhase;
			buildActionMask = 2147483647;
			files = (
			);
			runOnlyForDeploymentPostprocessing = 0;
		};
		8EA77D3A1F9422BD00A68ECE /* Resources */ = {
			isa = PBXResourcesBuildPhase;
			buildActionMask = 2147483647;
			files = (
			);
			runOnlyForDeploymentPostprocessing = 0;
		};
/* End PBXResourcesBuildPhase section */

/* Begin PBXSourcesBuildPhase section */
		8EA77D191F9422BD00A68ECE /* Sources */ = {
			isa = PBXSourcesBuildPhase;
			buildActionMask = 2147483647;
			files = (
				8EA77D511F942D4B00A68ECE /* Matrix.swift in Sources */,
				8EA77D231F9422BD00A68ECE /* InputMatrixVC.swift in Sources */,
				8EA77D4F1F9424DD00A68ECE /* MatrixOperationsVC.swift in Sources */,
				8EA77D211F9422BD00A68ECE /* AppDelegate.swift in Sources */,
			);
			runOnlyForDeploymentPostprocessing = 0;
		};
		8EA77D2D1F9422BD00A68ECE /* Sources */ = {
			isa = PBXSourcesBuildPhase;
			buildActionMask = 2147483647;
			files = (
				8EA77D361F9422BD00A68ECE /* _x3MatrixCalculatorTests.swift in Sources */,
			);
			runOnlyForDeploymentPostprocessing = 0;
		};
		8EA77D381F9422BD00A68ECE /* Sources */ = {
			isa = PBXSourcesBuildPhase;
			buildActionMask = 2147483647;
			files = (
				8EA77D411F9422BD00A68ECE /* _x3MatrixCalculatorUITests.swift in Sources */,
			);
			runOnlyForDeploymentPostprocessing = 0;
		};
/* End PBXSourcesBuildPhase section */

/* Begin PBXTargetDependency section */
		8EA77D331F9422BD00A68ECE /* PBXTargetDependency */ = {
			isa = PBXTargetDependency;
			target = 8EA77D1C1F9422BD00A68ECE /* 3x3MatrixCalculator */;
			targetProxy = 8EA77D321F9422BD00A68ECE /* PBXContainerItemProxy */;
		};
		8EA77D3E1F9422BD00A68ECE /* PBXTargetDependency */ = {
			isa = PBXTargetDependency;
			target = 8EA77D1C1F9422BD00A68ECE /* 3x3MatrixCalculator */;
			targetProxy = 8EA77D3D1F9422BD00A68ECE /* PBXContainerItemProxy */;
		};
/* End PBXTargetDependency section */

/* Begin PBXVariantGroup section */
		8EA77D241F9422BD00A68ECE /* Main.storyboard */ = {
			isa = PBXVariantGroup;
			children = (
				8EA77D251F9422BD00A68ECE /* Base */,
			);
			name = Main.storyboard;
			sourceTree = "<group>";
		};
		8EA77D291F9422BD00A68ECE /* LaunchScreen.storyboard */ = {
			isa = PBXVariantGroup;
			children = (
				8EA77D2A1F9422BD00A68ECE /* Base */,
			);
			name = LaunchScreen.storyboard;
			sourceTree = "<group>";
		};
/* End PBXVariantGroup section */

/* Begin XCBuildConfiguration section */
		8EA77D431F9422BD00A68ECE /* Debug */ = {
			isa = XCBuildConfiguration;
			buildSettings = {
				ALWAYS_SEARCH_USER_PATHS = NO;
				CLANG_ANALYZER_NONNULL = YES;
				CLANG_ANALYZER_NUMBER_OBJECT_CONVERSION = YES_AGGRESSIVE;
				CLANG_CXX_LANGUAGE_STANDARD = "gnu++0x";
				CLANG_CXX_LIBRARY = "libc++";
				CLANG_ENABLE_MODULES = YES;
				CLANG_ENABLE_OBJC_ARC = YES;
				CLANG_WARN_BOOL_CONVERSION = YES;
				CLANG_WARN_CONSTANT_CONVERSION = YES;
				CLANG_WARN_DIRECT_OBJC_ISA_USAGE = YES_ERROR;
				CLANG_WARN_DOCUMENTATION_COMMENTS = YES;
				CLANG_WARN_EMPTY_BODY = YES;
				CLANG_WARN_ENUM_CONVERSION = YES;
				CLANG_WARN_INFINITE_RECURSION = YES;
				CLANG_WARN_INT_CONVERSION = YES;
				CLANG_WARN_OBJC_ROOT_CLASS = YES_ERROR;
				CLANG_WARN_SUSPICIOUS_MOVE = YES;
				CLANG_WARN_UNREACHABLE_CODE = YES;
				CLANG_WARN__DUPLICATE_METHOD_MATCH = YES;
				"CODE_SIGN_IDENTITY[sdk=iphoneos*]" = "iPhone Developer";
				COPY_PHASE_STRIP = NO;
				DEBUG_INFORMATION_FORMAT = dwarf;
				ENABLE_STRICT_OBJC_MSGSEND = YES;
				ENABLE_TESTABILITY = YES;
				GCC_C_LANGUAGE_STANDARD = gnu99;
				GCC_DYNAMIC_NO_PIC = NO;
				GCC_NO_COMMON_BLOCKS = YES;
				GCC_OPTIMIZATION_LEVEL = 0;
				GCC_PREPROCESSOR_DEFINITIONS = (
					"DEBUG=1",
					"$(inherited)",
				);
				GCC_WARN_64_TO_32_BIT_CONVERSION = YES;
				GCC_WARN_ABOUT_RETURN_TYPE = YES_ERROR;
				GCC_WARN_UNDECLARED_SELECTOR = YES;
				GCC_WARN_UNINITIALIZED_AUTOS = YES_AGGRESSIVE;
				GCC_WARN_UNUSED_FUNCTION = YES;
				GCC_WARN_UNUSED_VARIABLE = YES;
				IPHONEOS_DEPLOYMENT_TARGET = 10.3;
				MTL_ENABLE_DEBUG_INFO = YES;
				ONLY_ACTIVE_ARCH = YES;
				SDKROOT = iphoneos;
				SWIFT_ACTIVE_COMPILATION_CONDITIONS = DEBUG;
				SWIFT_OPTIMIZATION_LEVEL = "-Onone";
			};
			name = Debug;
		};
		8EA77D441F9422BD00A68ECE /* Release */ = {
			isa = XCBuildConfiguration;
			buildSettings = {
				ALWAYS_SEARCH_USER_PATHS = NO;
				CLANG_ANALYZER_NONNULL = YES;
				CLANG_ANALYZER_NUMBER_OBJECT_CONVERSION = YES_AGGRESSIVE;
				CLANG_CXX_LANGUAGE_STANDARD = "gnu++0x";
				CLANG_CXX_LIBRARY = "libc++";
				CLANG_ENABLE_MODULES = YES;
				CLANG_ENABLE_OBJC_ARC = YES;
				CLANG_WARN_BOOL_CONVERSION = YES;
				CLANG_WARN_CONSTANT_CONVERSION = YES;
				CLANG_WARN_DIRECT_OBJC_ISA_USAGE = YES_ERROR;
				CLANG_WARN_DOCUMENTATION_COMMENTS = YES;
				CLANG_WARN_EMPTY_BODY = YES;
				CLANG_WARN_ENUM_CONVERSION = YES;
				CLANG_WARN_INFINITE_RECURSION = YES;
				CLANG_WARN_INT_CONVERSION = YES;
				CLANG_WARN_OBJC_ROOT_CLASS = YES_ERROR;
				CLANG_WARN_SUSPICIOUS_MOVE = YES;
				CLANG_WARN_UNREACHABLE_CODE = YES;
				CLANG_WARN__DUPLICATE_METHOD_MATCH = YES;
				"CODE_SIGN_IDENTITY[sdk=iphoneos*]" = "iPhone Developer";
				COPY_PHASE_STRIP = NO;
				DEBUG_INFORMATION_FORMAT = "dwarf-with-dsym";
				ENABLE_NS_ASSERTIONS = NO;
				ENABLE_STRICT_OBJC_MSGSEND = YES;
				GCC_C_LANGUAGE_STANDARD = gnu99;
				GCC_NO_COMMON_BLOCKS = YES;
				GCC_WARN_64_TO_32_BIT_CONVERSION = YES;
				GCC_WARN_ABOUT_RETURN_TYPE = YES_ERROR;
				GCC_WARN_UNDECLARED_SELECTOR = YES;
				GCC_WARN_UNINITIALIZED_AUTOS = YES_AGGRESSIVE;
				GCC_WARN_UNUSED_FUNCTION = YES;
				GCC_WARN_UNUSED_VARIABLE = YES;
				IPHONEOS_DEPLOYMENT_TARGET = 10.3;
				MTL_ENABLE_DEBUG_INFO = NO;
				SDKROOT = iphoneos;
				SWIFT_OPTIMIZATION_LEVEL = "-Owholemodule";
				VALIDATE_PRODUCT = YES;
			};
			name = Release;
		};
		8EA77D461F9422BD00A68ECE /* Debug */ = {
			isa = XCBuildConfiguration;
			buildSettings = {
				ASSETCATALOG_COMPILER_APPICON_NAME = AppIcon;
				DEVELOPMENT_TEAM = 2J85MR725D;
				INFOPLIST_FILE = 3x3MatrixCalculator/Info.plist;
				LD_RUNPATH_SEARCH_PATHS = "$(inherited) @executable_path/Frameworks";
				PRODUCT_BUNDLE_IDENTIFIER = "KormanChen.-x3MatrixCalculator";
				PRODUCT_NAME = "$(TARGET_NAME)";
				SWIFT_VERSION = 3.0;
			};
			name = Debug;
		};
		8EA77D471F9422BD00A68ECE /* Release */ = {
			isa = XCBuildConfiguration;
			buildSettings = {
				ASSETCATALOG_COMPILER_APPICON_NAME = AppIcon;
				DEVELOPMENT_TEAM = 2J85MR725D;
				INFOPLIST_FILE = 3x3MatrixCalculator/Info.plist;
				LD_RUNPATH_SEARCH_PATHS = "$(inherited) @executable_path/Frameworks";
				PRODUCT_BUNDLE_IDENTIFIER = "KormanChen.-x3MatrixCalculator";
				PRODUCT_NAME = "$(TARGET_NAME)";
				SWIFT_VERSION = 3.0;
			};
			name = Release;
		};
		8EA77D491F9422BD00A68ECE /* Debug */ = {
			isa = XCBuildConfiguration;
			buildSettings = {
				ALWAYS_EMBED_SWIFT_STANDARD_LIBRARIES = YES;
				BUNDLE_LOADER = "$(TEST_HOST)";
				DEVELOPMENT_TEAM = 2J85MR725D;
				INFOPLIST_FILE = 3x3MatrixCalculatorTests/Info.plist;
				LD_RUNPATH_SEARCH_PATHS = "$(inherited) @executable_path/Frameworks @loader_path/Frameworks";
				PRODUCT_BUNDLE_IDENTIFIER = "KormanChen.-x3MatrixCalculatorTests";
				PRODUCT_NAME = "$(TARGET_NAME)";
				SWIFT_VERSION = 3.0;
				TEST_HOST = "$(BUILT_PRODUCTS_DIR)/3x3MatrixCalculator.app/3x3MatrixCalculator";
			};
			name = Debug;
		};
		8EA77D4A1F9422BD00A68ECE /* Release */ = {
			isa = XCBuildConfiguration;
			buildSettings = {
				ALWAYS_EMBED_SWIFT_STANDARD_LIBRARIES = YES;
				BUNDLE_LOADER = "$(TEST_HOST)";
				DEVELOPMENT_TEAM = 2J85MR725D;
				INFOPLIST_FILE = 3x3MatrixCalculatorTests/Info.plist;
				LD_RUNPATH_SEARCH_PATHS = "$(inherited) @executable_path/Frameworks @loader_path/Frameworks";
				PRODUCT_BUNDLE_IDENTIFIER = "KormanChen.-x3MatrixCalculatorTests";
				PRODUCT_NAME = "$(TARGET_NAME)";
				SWIFT_VERSION = 3.0;
				TEST_HOST = "$(BUILT_PRODUCTS_DIR)/3x3MatrixCalculator.app/3x3MatrixCalculator";
			};
			name = Release;
		};
		8EA77D4C1F9422BD00A68ECE /* Debug */ = {
			isa = XCBuildConfiguration;
			buildSettings = {
				ALWAYS_EMBED_SWIFT_STANDARD_LIBRARIES = YES;
				DEVELOPMENT_TEAM = 2J85MR725D;
				INFOPLIST_FILE = 3x3MatrixCalculatorUITests/Info.plist;
				LD_RUNPATH_SEARCH_PATHS = "$(inherited) @executable_path/Frameworks @loader_path/Frameworks";
				PRODUCT_BUNDLE_IDENTIFIER = "KormanChen.-x3MatrixCalculatorUITests";
				PRODUCT_NAME = "$(TARGET_NAME)";
				SWIFT_VERSION = 3.0;
				TEST_TARGET_NAME = 3x3MatrixCalculator;
			};
			name = Debug;
		};
		8EA77D4D1F9422BD00A68ECE /* Release */ = {
			isa = XCBuildConfiguration;
			buildSettings = {
				ALWAYS_EMBED_SWIFT_STANDARD_LIBRARIES = YES;
				DEVELOPMENT_TEAM = 2J85MR725D;
				INFOPLIST_FILE = 3x3MatrixCalculatorUITests/Info.plist;
				LD_RUNPATH_SEARCH_PATHS = "$(inherited) @executable_path/Frameworks @loader_path/Frameworks";
				PRODUCT_BUNDLE_IDENTIFIER = "KormanChen.-x3MatrixCalculatorUITests";
				PRODUCT_NAME = "$(TARGET_NAME)";
				SWIFT_VERSION = 3.0;
				TEST_TARGET_NAME = 3x3MatrixCalculator;
			};
			name = Release;
		};
/* End XCBuildConfiguration section */

/* Begin XCConfigurationList section */
		8EA77D181F9422BD00A68ECE /* Build configuration list for PBXProject "3x3MatrixCalculator" */ = {
			isa = XCConfigurationList;
			buildConfigurations = (
				8EA77D431F9422BD00A68ECE /* Debug */,
				8EA77D441F9422BD00A68ECE /* Release */,
			);
			defaultConfigurationIsVisible = 0;
			defaultConfigurationName = Release;
		};
		8EA77D451F9422BD00A68ECE /* Build configuration list for PBXNativeTarget "3x3MatrixCalculator" */ = {
			isa = XCConfigurationList;
			buildConfigurations = (
				8EA77D461F9422BD00A68ECE /* Debug */,
				8EA77D471F9422BD00A68ECE /* Release */,
			);
			defaultConfigurationIsVisible = 0;
		};
		8EA77D481F9422BD00A68ECE /* Build configuration list for PBXNativeTarget "3x3MatrixCalculatorTests" */ = {
			isa = XCConfigurationList;
			buildConfigurations = (
				8EA77D491F9422BD00A68ECE /* Debug */,
				8EA77D4A1F9422BD00A68ECE /* Release */,
			);
			defaultConfigurationIsVisible = 0;
		};
		8EA77D4B1F9422BD00A68ECE /* Build configuration list for PBXNativeTarget "3x3MatrixCalculatorUITests" */ = {
			isa = XCConfigurationList;
			buildConfigurations = (
				8EA77D4C1F9422BD00A68ECE /* Debug */,
				8EA77D4D1F9422BD00A68ECE /* Release */,
			);
			defaultConfigurationIsVisible = 0;
		};
/* End XCConfigurationList section */
	};
	rootObject = 8EA77D151F9422BD00A68ECE /* Project object */;
}
